
Microsoft Visual Studio Solution File, Format Version 12.00
# Visual Studio Version 17
VisualStudioVersion = 17.14.36414.22 d17.14
MinimumVisualStudioVersion = 10.0.40219.1
Project("{FAE04EC0-301F-11D3-BF4B-00C04F79EFBC}") = "Tempo Detector", "Tempo Detector\Tempo Detector.csproj", "{BEC062A8-1E4A-4C8C-987A-F4B0F939205F}"
EndProject
Global
	GlobalSection(SolutionConfigurationPlatforms) = preSolution
		Debug|Any CPU = Debug|Any CPU
		Release|Any CPU = Release|Any CPU
	EndGlobalSection
	GlobalSection(ProjectConfigurationPlatforms) = postSolution
		{BEC062A8-1E4A-4C8C-987A-F4B0F939205F}.Debug|Any CPU.ActiveCfg = Debug|Any CPU
		{BEC062A8-1E4A-4C8C-987A-F4B0F939205F}.Debug|Any CPU.Build.0 = Debug|Any CPU
		{BEC062A8-1E4A-4C8C-987A-F4B0F939205F}.Release|Any CPU.ActiveCfg = Release|Any CPU
		{BEC062A8-1E4A-4C8C-987A-F4B0F939205F}.Release|Any CPU.Build.0 = Release|Any CPU
	EndGlobalSection
	GlobalSection(SolutionProperties) = preSolution
		HideSolutionNode = FALSE
	EndGlobalSection
	GlobalSection(ExtensibilityGlobals) = postSolution
		SolutionGuid = {5B78CED8-7E68-48F6-9210-6BE9C5FB3CE4}
	EndGlobalSection
EndGlobal
